
Microsoft Visual Studio Solution File, Format Version 12.00
# Visual Studio Version 17
VisualStudioVersion = 17.0.32112.339
MinimumVisualStudioVersion = 10.0.40219.1
Project("{FAE04EC0-301F-11D3-BF4B-00C04F79EFBC}") = "Facade", "Facade\Facade.csproj", "{41454143-59D8-4EB1-83AA-3D07EB07B5F8}"
EndProject
Global
	GlobalSection(SolutionConfigurationPlatforms) = preSolution
		Debug|Any CPU = Debug|Any CPU
		Release|Any CPU = Release|Any CPU
	EndGlobalSection
	GlobalSection(ProjectConfigurationPlatforms) = postSolution
		{41454143-59D8-4EB1-83AA-3D07EB07B5F8}.Debug|Any CPU.ActiveCfg = Debug|Any CPU
		{41454143-59D8-4EB1-83AA-3D07EB07B5F8}.Debug|Any CPU.Build.0 = Debug|Any CPU
		{41454143-59D8-4EB1-83AA-3D07EB07B5F8}.Release|Any CPU.ActiveCfg = Release|Any CPU
		{41454143-59D8-4EB1-83AA-3D07EB07B5F8}.Release|Any CPU.Build.0 = Release|Any CPU
	EndGlobalSection
	GlobalSection(SolutionProperties) = preSolution
		HideSolutionNode = FALSE
	EndGlobalSection
	GlobalSection(ExtensibilityGlobals) = postSolution
		SolutionGuid = {1B153E57-5DCD-4D59-B736-9263FFF1F33F}
	EndGlobalSection
EndGlobal
