
Microsoft Visual Studio Solution File, Format Version 12.00
# Visual Studio Version 17
VisualStudioVersion = 17.0.32112.339
MinimumVisualStudioVersion = 10.0.40219.1
Project("{9A19103F-16F7-4668-BE54-9A1E7A4F7556}") = "GeometricalCalculator", "GeometricalCalculator\GeometricalCalculator.csproj", "{AB91F1F5-0926-4F62-936D-A5F7EEF31DB2}"
EndProject
Global
	GlobalSection(SolutionConfigurationPlatforms) = preSolution
		Debug|Any CPU = Debug|Any CPU
		Release|Any CPU = Release|Any CPU
	EndGlobalSection
	GlobalSection(ProjectConfigurationPlatforms) = postSolution
		{AB91F1F5-0926-4F62-936D-A5F7EEF31DB2}.Debug|Any CPU.ActiveCfg = Debug|Any CPU
		{AB91F1F5-0926-4F62-936D-A5F7EEF31DB2}.Debug|Any CPU.Build.0 = Debug|Any CPU
		{AB91F1F5-0926-4F62-936D-A5F7EEF31DB2}.Release|Any CPU.ActiveCfg = Release|Any CPU
		{AB91F1F5-0926-4F62-936D-A5F7EEF31DB2}.Release|Any CPU.Build.0 = Release|Any CPU
	EndGlobalSection
	GlobalSection(SolutionProperties) = preSolution
		HideSolutionNode = FALSE
	EndGlobalSection
	GlobalSection(ExtensibilityGlobals) = postSolution
		SolutionGuid = {C9CA2536-400A-48F4-A1CB-EEDAD26D47CD}
	EndGlobalSection
EndGlobal
